{
  "name": "ReverseTunneling",
  "version": "1.0.0",
  "lockfileVersion": 1,
  "requires": true,
  "dependencies": {
    "@mdslab/wstun": {
      "version": "1.0.11",
      "requires": {
        "log4js": "<=1.1.1",
        "node-uuid": "<=1.4.7",
        "optimist": "<=0.6.1",
        "under_score": "<=0.1.0",
        "websocket": "<=1.0.28"
      }
    },
    "core-util-is": {
      "version": "1.0.2",
      "resolved": "https://registry.npmjs.org/core-util-is/-/core-util-is-1.0.2.tgz",
      "integrity": "sha1-tf1UIgqivFq1eqtxQMlAdUUDwac="
    },
    "date-format": {
      "version": "0.0.0",
      "resolved": "https://registry.npmjs.org/date-format/-/date-format-0.0.0.tgz",
      "integrity": "sha1-CSBoY6sHDrRZrOpVQsvYVrEZZrM="
    },
    "debug": {
      "version": "2.6.9",
      "resolved": "https://registry.npmjs.org/debug/-/debug-2.6.9.tgz",
      "integrity": "sha512-bC7ElrdJaJnPbAP+1EotYvqZsb3ecl5wi6Bfi6BJTUcNowp6cvspg0jXznRTKDjm/E7AdgFBVeAPVMNcKGsHMA==",
      "requires": {
        "ms": "2.0.0"
      }
    },
    "inherits": {
      "version": "2.0.4",
      "resolved": "https://registry.npmjs.org/inherits/-/inherits-2.0.4.tgz",
      "integrity": "sha512-k/vGaX4/Yla3WzyMCvTQOXYeIHvqOKtnqBduzTHpzpQZzAskKMhZ2K+EnBiSM9zGSoIFeMpXKxa4dYeZIQqewQ=="
    },
    "is-typedarray": {
      "version": "1.0.0",
      "resolved": "https://registry.npmjs.org/is-typedarray/-/is-typedarray-1.0.0.tgz",
      "integrity": "sha1-5HnICFjfDBsR3dppQPlgEfzaSpo="
    },
    "isarray": {
      "version": "0.0.1",
      "resolved": "https://registry.npmjs.org/isarray/-/isarray-0.0.1.tgz",
      "integrity": "sha1-ihis/Kmo9Bd+Cav8YDiTmwXR7t8="
    },
    "lawg": {
      "version": "1.0.3",
      "resolved": "https://registry.npmjs.org/lawg/-/lawg-1.0.3.tgz",
      "integrity": "sha1-iur+HcLEF0WQAjyHaEQqWQSRvyE="
    },
    "log4js": {
      "version": "1.1.1",
      "resolved": "https://registry.npmjs.org/log4js/-/log4js-1.1.1.tgz",
      "integrity": "sha1-wh0px2BAieTyVYM+f5SzRh3h/0M=",
      "requires": {
        "debug": "^2.2.0",
        "semver": "^5.3.0",
        "streamroller": "^0.4.0"
      }
    },
    "machine-uuid": {
      "version": "1.0.7",
      "resolved": "https://registry.npmjs.org/machine-uuid/-/machine-uuid-1.0.7.tgz",
      "integrity": "sha1-ZreAye5hIwZ/sohVybnW4c6Irhk=",
      "requires": {
        "node-uuid": "1.4.1"
      },
      "dependencies": {
        "node-uuid": {
          "version": "1.4.1",
          "resolved": "https://registry.npmjs.org/node-uuid/-/node-uuid-1.4.1.tgz",
          "integrity": "sha1-Oa71EOWImj3KnIlbUGxzquG6wEg="
        }
      }
    },
    "minimist": {
      "version": "1.2.5",
      "resolved": "https://registry.npmjs.org/minimist/-/minimist-1.2.5.tgz",
      "integrity": "sha512-FM9nNUYrRBAELZQT3xeZQ7fmMOBg6nWNmJKTcgsJeaLstP/UODVpGsr5OhXhhXg6f+qtJ8uiZ+PUxkDWcgIXLw=="
    },
    "mkdirp": {
      "version": "0.5.5",
      "resolved": "https://registry.npmjs.org/mkdirp/-/mkdirp-0.5.5.tgz",
      "integrity": "sha512-NKmAlESf6jMGym1++R0Ra7wvhV+wFW63FaSOFPwRahvea0gMUcGUhVeAg/0BC0wiv9ih5NYPB1Wn1UEI1/L+xQ==",
      "requires": {
        "minimist": "^1.2.5"
      }
    },
    "ms": {
      "version": "2.0.0",
      "resolved": "https://registry.npmjs.org/ms/-/ms-2.0.0.tgz",
      "integrity": "sha1-VgiurfwAvmwpAd9fmGF4jeDVl8g="
    },
    "nan": {
      "version": "2.14.2",
      "resolved": "https://registry.npmjs.org/nan/-/nan-2.14.2.tgz",
      "integrity": "sha512-M2ufzIiINKCuDfBSAUr1vWQ+vuVcA9kqx8JJUsbQi6yf1uGRyb7HfpdfUr5qLXf3B/t8dPvcjhKMmlfnP47EzQ=="
    },
    "node-uuid": {
      "version": "1.4.7",
      "resolved": "https://registry.npmjs.org/node-uuid/-/node-uuid-1.4.7.tgz",
      "integrity": "sha1-baWhdmjEs91ZYjvaEc9/pMH2Cm8="
    },
    "optimist": {
      "version": "0.6.1",
      "resolved": "https://registry.npmjs.org/optimist/-/optimist-0.6.1.tgz",
      "integrity": "sha1-2j6nRob6IaGaERwybpDrFaAZZoY=",
      "requires": {
        "minimist": "~0.0.1",
        "wordwrap": "~0.0.2"
      },
      "dependencies": {
        "minimist": {
          "version": "0.0.10",
          "resolved": "https://registry.npmjs.org/minimist/-/minimist-0.0.10.tgz",
          "integrity": "sha1-3j+YVD2/lggr5IrRoMfNqDYwHc8="
        }
      }
    },
    "phuture": {
      "version": "1.0.2",
      "resolved": "https://registry.npmjs.org/phuture/-/phuture-1.0.2.tgz",
      "integrity": "sha1-WsOnhn3hP4l26BNWIHqHK6onhbs="
    },
    "readable-stream": {
      "version": "1.1.14",
      "resolved": "https://registry.npmjs.org/readable-stream/-/readable-stream-1.1.14.tgz",
      "integrity": "sha1-fPTFTvZI44EwhMY23SB54WbAgdk=",
      "requires": {
        "core-util-is": "~1.0.0",
        "inherits": "~2.0.1",
        "isarray": "0.0.1",
        "string_decoder": "~0.10.x"
      }
    },
    "reverse-wstunnel": {
      "version": "1.2.2",
      "resolved": "https://registry.npmjs.org/reverse-wstunnel/-/reverse-wstunnel-1.2.2.tgz",
      "integrity": "sha1-OWYuDuJpPspfuGWxtKc0iLgtOak=",
      "requires": {
        "lawg": "1.0.3",
        "machine-uuid": "1.0.7",
        "node-uuid": "1.4.1",
        "optimist": "0.3.5",
        "phuture": "1.0.2",
        "underscore": "1.4.4",
        "websocket": "1.0.8"
      },
      "dependencies": {
        "node-uuid": {
          "version": "1.4.1",
          "resolved": "https://registry.npmjs.org/node-uuid/-/node-uuid-1.4.1.tgz",
          "integrity": "sha1-Oa71EOWImj3KnIlbUGxzquG6wEg="
        },
        "optimist": {
          "version": "0.3.5",
          "resolved": "https://registry.npmjs.org/optimist/-/optimist-0.3.5.tgz",
          "integrity": "sha1-A2VLUkFwMDEtEJ85sVmCW2AwkwQ=",
          "requires": {
            "wordwrap": "~0.0.2"
          }
        },
        "underscore": {
          "version": "1.4.4",
          "resolved": "https://registry.npmjs.org/underscore/-/underscore-1.4.4.tgz",
          "integrity": "sha1-YaajIBBiKvoHljvzJSA88SI51gQ="
        },
        "websocket": {
          "version": "1.0.8",
          "resolved": "https://registry.npmjs.org/websocket/-/websocket-1.0.8.tgz",
          "integrity": "sha1-QbBac3396JkSXTND0EQqPMZ6GwA="
        }
      }
    },
    "semver": {
      "version": "5.7.1",
      "resolved": "https://registry.npmjs.org/semver/-/semver-5.7.1.tgz",
      "integrity": "sha512-sauaDf/PZdVgrLTNYHRtpXa1iRiKcaebiKQ1BJdpQlWH2lCvexQdX55snPFyK7QzpudqbCI0qXFfOasHdyNDGQ=="
    },
    "streamroller": {
      "version": "0.4.1",
      "resolved": "https://registry.npmjs.org/streamroller/-/streamroller-0.4.1.tgz",
      "integrity": "sha1-1DW9WXQ3Or2b2QaDWVEwhRBswF8=",
      "requires": {
        "date-format": "^0.0.0",
        "debug": "^0.7.2",
        "mkdirp": "^0.5.1",
        "readable-stream": "^1.1.7"
      },
      "dependencies": {
        "debug": {
          "version": "0.7.4",
          "resolved": "https://registry.npmjs.org/debug/-/debug-0.7.4.tgz",
          "integrity": "sha1-BuHqgILCyxTjmAbiLi9vdX+Srzk="
        }
      }
    },
    "string_decoder": {
      "version": "0.10.31",
      "resolved": "https://registry.npmjs.org/string_decoder/-/string_decoder-0.10.31.tgz",
      "integrity": "sha1-YuIDvEF2bGwoyfyEMB2rHFMQ+pQ="
    },
    "typedarray-to-buffer": {
      "version": "3.1.5",
      "resolved": "https://registry.npmjs.org/typedarray-to-buffer/-/typedarray-to-buffer-3.1.5.tgz",
      "integrity": "sha512-zdu8XMNEDepKKR+XYOXAVPtWui0ly0NtohUscw+UmaHiAWT8hrV1rr//H6V+0DvJ3OQ19S979M0laLfX8rm82Q==",
      "requires": {
        "is-typedarray": "^1.0.0"
      }
    },
    "under_score": {
      "version": "0.1.0",
      "resolved": "https://registry.npmjs.org/under_score/-/under_score-0.1.0.tgz",
      "integrity": "sha1-J3V5ZDLVadwLtJo/ocnhbz47rrk=",
      "requires": {
        "underscore": "*"
      }
    },
    "underscore": {
      "version": "1.11.0",
      "resolved": "https://registry.npmjs.org/underscore/-/underscore-1.11.0.tgz",
      "integrity": "sha512-xY96SsN3NA461qIRKZ/+qox37YXPtSBswMGfiNptr+wrt6ds4HaMw23TP612fEyGekRE6LNRiLYr/aqbHXNedw=="
    },
    "websocket": {
      "version": "1.0.28",
      "resolved": "https://registry.npmjs.org/websocket/-/websocket-1.0.28.tgz",
      "integrity": "sha512-00y/20/80P7H4bCYkzuuvvfDvh+dgtXi5kzDf3UcZwN6boTYaKvsrtZ5lIYm1Gsg48siMErd9M4zjSYfYFHTrA==",
      "requires": {
        "debug": "^2.2.0",
        "nan": "^2.11.0",
        "typedarray-to-buffer": "^3.1.5",
        "yaeti": "^0.0.6"
      }
    },
    "wordwrap": {
      "version": "0.0.3",
      "resolved": "https://registry.npmjs.org/wordwrap/-/wordwrap-0.0.3.tgz",
      "integrity": "sha1-o9XabNXAvAAI03I0u68b7WMFkQc="
    },
    "yaeti": {
      "version": "0.0.6",
      "resolved": "https://registry.npmjs.org/yaeti/-/yaeti-0.0.6.tgz",
      "integrity": "sha1-8m9ITXJoTPQr7ft2lwqhYI+/lXc="
    }
  }
}
